// !$*UTF8*$!
{
	archiveVersion = 1;
	classes = {
	};
	objectVersion = 50;
	objects = {

/* Begin PBXBuildFile section */
		334E306624F69A8D008AA45D /* AppDelegate.swift in Sources */ = {isa = PBXBuildFile; fileRef = 334E306524F69A8D008AA45D /* AppDelegate.swift */; };
		334E306824F69A8D008AA45D /* SceneDelegate.swift in Sources */ = {isa = PBXBuildFile; fileRef = 334E306724F69A8D008AA45D /* SceneDelegate.swift */; };
		334E306A24F69A8D008AA45D /* ViewController.swift in Sources */ = {isa = PBXBuildFile; fileRef = 334E306924F69A8D008AA45D /* ViewController.swift */; };
		334E306D24F69A8D008AA45D /* Main.storyboard in Resources */ = {isa = PBXBuildFile; fileRef = 334E306B24F69A8D008AA45D /* Main.storyboard */; };
		334E306F24F69A91008AA45D /* Assets.xcassets in Resources */ = {isa = PBXBuildFile; fileRef = 334E306E24F69A91008AA45D /* Assets.xcassets */; };
		334E307224F69A91008AA45D /* LaunchScreen.storyboard in Resources */ = {isa = PBXBuildFile; fileRef = 334E307024F69A91008AA45D /* LaunchScreen.storyboard */; };
		334E307B24F69E0B008AA45D /* WebKit.framework in Frameworks */ = {isa = PBXBuildFile; fileRef = 334E307A24F69E0B008AA45D /* WebKit.framework */; };
/* End PBXBuildFile section */

/* Begin PBXFileReference section */
		334E306224F69A8D008AA45D /* webKitView.app */ = {isa = PBXFileReference; explicitFileType = wrapper.application; includeInIndex = 0; path = webKitView.app; sourceTree = BUILT_PRODUCTS_DIR; };
		334E306524F69A8D008AA45D /* AppDelegate.swift */ = {isa = PBXFileReference; lastKnownFileType = sourcecode.swift; path = AppDelegate.swift; sourceTree = "<group>"; };
		334E306724F69A8D008AA45D /* SceneDelegate.swift */ = {isa = PBXFileReference; lastKnownFileType = sourcecode.swift; path = SceneDelegate.swift; sourceTree = "<group>"; };
		334E306924F69A8D008AA45D /* ViewController.swift */ = {isa = PBXFileReference; lastKnownFileType = sourcecode.swift; path = ViewController.swift; sourceTree = "<group>"; };
		334E306C24F69A8D008AA45D /* Base */ = {isa = PBXFileReference; lastKnownFileType = file.storyboard; name = Base; path = Base.lproj/Main.storyboard; sourceTree = "<group>"; };
		334E306E24F69A91008AA45D /* Assets.xcassets */ = {isa = PBXFileReference; lastKnownFileType = folder.assetcatalog; path = Assets.xcassets; sourceTree = "<group>"; };
		334E307124F69A91008AA45D /* Base */ = {isa = PBXFileReference; lastKnownFileType = file.storyboard; name = Base; path = Base.lproj/LaunchScreen.storyboard; sourceTree = "<group>"; };
		334E307324F69A91008AA45D /* Info.plist */ = {isa = PBXFileReference; lastKnownFileType = text.plist.xml; path = Info.plist; sourceTree = "<group>"; };
		334E307A24F69E0B008AA45D /* WebKit.framework */ = {isa = PBXFileReference; lastKnownFileType = wrapper.framework; name = WebKit.framework; path = System/Library/Frameworks/WebKit.framework; sourceTree = SDKROOT; };
/* End PBXFileReference section */

/* Begin PBXFrameworksBuildPhase section */
		334E305F24F69A8C008AA45D /* Frameworks */ = {
			isa = PBXFrameworksBuildPhase;
			buildActionMask = 2147483647;
			files = (
				334E307B24F69E0B008AA45D /* WebKit.framework in Frameworks */,
			);
			runOnlyForDeploymentPostprocessing = 0;
		};
/* End PBXFrameworksBuildPhase section */

/* Begin PBXGroup section */
		334E305924F69A8C008AA45D = {
			isa = PBXGroup;
			children = (
				334E306424F69A8D008AA45D /* webKitView */,
				334E306324F69A8D008AA45D /* Products */,
				334E307924F69E0B008AA45D /* Frameworks */,
			);
			sourceTree = "<group>";
		};
		334E306324F69A8D008AA45D /* Products */ = {
			isa = PBXGroup;
			children = (
				334E306224F69A8D008AA45D /* webKitView.app */,
			);
			name = Products;
			sourceTree = "<group>";
		};
		334E306424F69A8D008AA45D /* webKitView */ = {
			isa = PBXGroup;
			children = (
				334E306524F69A8D008AA45D /* AppDelegate.swift */,
				334E306724F69A8D008AA45D /* SceneDelegate.swift */,
				334E306924F69A8D008AA45D /* ViewController.swift */,
				334E306B24F69A8D008AA45D /* Main.storyboard */,
				334E306E24F69A91008AA45D /* Assets.xcassets */,
				334E307024F69A91008AA45D /* LaunchScreen.storyboard */,
				334E307324F69A91008AA45D /* Info.plist */,
			);
			path = webKitView;
			sourceTree = "<group>";
		};
		334E307924F69E0B008AA45D /* Frameworks */ = {
			isa = PBXGroup;
			children = (
				334E307A24F69E0B008AA45D /* WebKit.framework */,
			);
			name = Frameworks;
			sourceTree = "<group>";
		};
/* End PBXGroup section */

/* Begin PBXNativeTarget section */
		334E306124F69A8C008AA45D /* webKitView */ = {
			isa = PBXNativeTarget;
			buildConfigurationList = 334E307624F69A91008AA45D /* Build configuration list for PBXNativeTarget "webKitView" */;
			buildPhases = (
				334E305E24F69A8C008AA45D /* Sources */,
				334E305F24F69A8C008AA45D /* Frameworks */,
				334E306024F69A8C008AA45D /* Resources */,
			);
			buildRules = (
			);
			dependencies = (
			);
			name = webKitView;
			productName = webKitView;
			productReference = 334E306224F69A8D008AA45D /* webKitView.app */;
			productType = "com.apple.product-type.application";
		};
/* End PBXNativeTarget section */

/* Begin PBXProject section */
		334E305A24F69A8C008AA45D /* Project object */ = {
			isa = PBXProject;
			attributes = {
				LastSwiftUpdateCheck = 1160;
				LastUpgradeCheck = 1160;
				ORGANIZATIONNAME = "Yako Kobayashi";
				TargetAttributes = {
					334E306124F69A8C008AA45D = {
						CreatedOnToolsVersion = 11.6;
					};
				};
			};
			buildConfigurationList = 334E305D24F69A8C008AA45D /* Build configuration list for PBXProject "webKitView" */;
			compatibilityVersion = "Xcode 9.3";
			developmentRegion = en;
			hasScannedForEncodings = 0;
			knownRegions = (
				en,
				Base,
			);
			mainGroup = 334E305924F69A8C008AA45D;
			productRefGroup = 334E306324F69A8D008AA45D /* Products */;
			projectDirPath = "";
			projectRoot = "";
			targets = (
				334E306124F69A8C008AA45D /* webKitView */,
			);
		};
/* End PBXProject section */

/* Begin PBXResourcesBuildPhase section */
		334E306024F69A8C008AA45D /* Resources */ = {
			isa = PBXResourcesBuildPhase;
			buildActionMask = 2147483647;
			files = (
				334E307224F69A91008AA45D /* LaunchScreen.storyboard in Resources */,
				334E306F24F69A91008AA45D /* Assets.xcassets in Resources */,
				334E306D24F69A8D008AA45D /* Main.storyboard in Resources */,
			);
			runOnlyForDeploymentPostprocessing = 0;
		};
/* End PBXResourcesBuildPhase section */

/* Begin PBXSourcesBuildPhase section */
		334E305E24F69A8C008AA45D /* Sources */ = {
			isa = PBXSourcesBuildPhase;
			buildActionMask = 2147483647;
			files = (
				334E306A24F69A8D008AA45D /* ViewController.swift in Sources */,
				334E306624F69A8D008AA45D /* AppDelegate.swift in Sources */,
				334E306824F69A8D008AA45D /* SceneDelegate.swift in Sources */,
			);
			runOnlyForDeploymentPostprocessing = 0;
		};
/* End PBXSourcesBuildPhase section */

/* Begin PBXVariantGroup section */
		334E306B24F69A8D008AA45D /* Main.storyboard */ = {
			isa = PBXVariantGroup;
			children = (
				334E306C24F69A8D008AA45D /* Base */,
			);
			name = Main.storyboard;
			sourceTree = "<group>";
		};
		334E307024F69A91008AA45D /* LaunchScreen.storyboard */ = {
			isa = PBXVariantGroup;
			children = (
				334E307124F69A91008AA45D /* Base */,
			);
			name = LaunchScreen.storyboard;
			sourceTree = "<group>";
		};
/* End PBXVariantGroup section */

/* Begin XCBuildConfiguration section */
		334E307424F69A91008AA45D /* Debug */ = {
			isa = XCBuildConfiguration;
			buildSettings = {
				ALWAYS_SEARCH_USER_PATHS = NO;
				CLANG_ANALYZER_NONNULL = YES;
				CLANG_ANALYZER_NUMBER_OBJECT_CONVERSION = YES_AGGRESSIVE;
				CLANG_CXX_LANGUAGE_STANDARD = "gnu++14";
				CLANG_CXX_LIBRARY = "libc++";
				CLANG_ENABLE_MODULES = YES;
				CLANG_ENABLE_OBJC_ARC = YES;
				CLANG_ENABLE_OBJC_WEAK = YES;
				CLANG_WARN_BLOCK_CAPTURE_AUTORELEASING = YES;
				CLANG_WARN_BOOL_CONVERSION = YES;
				CLANG_WARN_COMMA = YES;
				CLANG_WARN_CONSTANT_CONVERSION = YES;
				CLANG_WARN_DEPRECATED_OBJC_IMPLEMENTATIONS = YES;
				CLANG_WARN_DIRECT_OBJC_ISA_USAGE = YES_ERROR;
				CLANG_WARN_DOCUMENTATION_COMMENTS = YES;
				CLANG_WARN_EMPTY_BODY = YES;
				CLANG_WARN_ENUM_CONVERSION = YES;
				CLANG_WARN_INFINITE_RECURSION = YES;
				CLANG_WARN_INT_CONVERSION = YES;
				CLANG_WARN_NON_LITERAL_NULL_CONVERSION = YES;
				CLANG_WARN_OBJC_IMPLICIT_RETAIN_SELF = YES;
				CLANG_WARN_OBJC_LITERAL_CONVERSION = YES;
				CLANG_WARN_OBJC_ROOT_CLASS = YES_ERROR;
				CLANG_WARN_RANGE_LOOP_ANALYSIS = YES;
				CLANG_WARN_STRICT_PROTOTYPES = YES;
				CLANG_WARN_SUSPICIOUS_MOVE = YES;
				CLANG_WARN_UNGUARDED_AVAILABILITY = YES_AGGRESSIVE;
				CLANG_WARN_UNREACHABLE_CODE = YES;
				CLANG_WARN__DUPLICATE_METHOD_MATCH = YES;
				COPY_PHASE_STRIP = NO;
				DEBUG_INFORMATION_FORMAT = dwarf;
				ENABLE_STRICT_OBJC_MSGSEND = YES;
				ENABLE_TESTABILITY = YES;
				GCC_C_LANGUAGE_STANDARD = gnu11;
				GCC_DYNAMIC_NO_PIC = NO;
				GCC_NO_COMMON_BLOCKS = YES;
				GCC_OPTIMIZATION_LEVEL = 0;
				GCC_PREPROCESSOR_DEFINITIONS = (
					"DEBUG=1",
					"$(inherited)",
				);
				GCC_WARN_64_TO_32_BIT_CONVERSION = YES;
				GCC_WARN_ABOUT_RETURN_TYPE = YES_ERROR;
				GCC_WARN_UNDECLARED_SELECTOR = YES;
				GCC_WARN_UNINITIALIZED_AUTOS = YES_AGGRESSIVE;
				GCC_WARN_UNUSED_FUNCTION = YES;
				GCC_WARN_UNUSED_VARIABLE = YES;
				IPHONEOS_DEPLOYMENT_TARGET = 13.6;
				MTL_ENABLE_DEBUG_INFO = INCLUDE_SOURCE;
				MTL_FAST_MATH = YES;
				ONLY_ACTIVE_ARCH = YES;
				SDKROOT = iphoneos;
				SWIFT_ACTIVE_COMPILATION_CONDITIONS = DEBUG;
				SWIFT_OPTIMIZATION_LEVEL = "-Onone";
			};
			name = Debug;
		};
		334E307524F69A91008AA45D /* Release */ = {
			isa = XCBuildConfiguration;
			buildSettings = {
				ALWAYS_SEARCH_USER_PATHS = NO;
				CLANG_ANALYZER_NONNULL = YES;
				CLANG_ANALYZER_NUMBER_OBJECT_CONVERSION = YES_AGGRESSIVE;
				CLANG_CXX_LANGUAGE_STANDARD = "gnu++14";
				CLANG_CXX_LIBRARY = "libc++";
				CLANG_ENABLE_MODULES = YES;
				CLANG_ENABLE_OBJC_ARC = YES;
				CLANG_ENABLE_OBJC_WEAK = YES;
				CLANG_WARN_BLOCK_CAPTURE_AUTORELEASING = YES;
				CLANG_WARN_BOOL_CONVERSION = YES;
				CLANG_WARN_COMMA = YES;
				CLANG_WARN_CONSTANT_CONVERSION = YES;
				CLANG_WARN_DEPRECATED_OBJC_IMPLEMENTATIONS = YES;
				CLANG_WARN_DIRECT_OBJC_ISA_USAGE = YES_ERROR;
				CLANG_WARN_DOCUMENTATION_COMMENTS = YES;
				CLANG_WARN_EMPTY_BODY = YES;
				CLANG_WARN_ENUM_CONVERSION = YES;
				CLANG_WARN_INFINITE_RECURSION = YES;
				CLANG_WARN_INT_CONVERSION = YES;
				CLANG_WARN_NON_LITERAL_NULL_CONVERSION = YES;
				CLANG_WARN_OBJC_IMPLICIT_RETAIN_SELF = YES;
				CLANG_WARN_OBJC_LITERAL_CONVERSION = YES;
				CLANG_WARN_OBJC_ROOT_CLASS = YES_ERROR;
				CLANG_WARN_RANGE_LOOP_ANALYSIS = YES;
				CLANG_WARN_STRICT_PROTOTYPES = YES;
				CLANG_WARN_SUSPICIOUS_MOVE = YES;
				CLANG_WARN_UNGUARDED_AVAILABILITY = YES_AGGRESSIVE;
				CLANG_WARN_UNREACHABLE_CODE = YES;
				CLANG_WARN__DUPLICATE_METHOD_MATCH = YES;
				COPY_PHASE_STRIP = NO;
				DEBUG_INFORMATION_FORMAT = "dwarf-with-dsym";
				ENABLE_NS_ASSERTIONS = NO;
				ENABLE_STRICT_OBJC_MSGSEND = YES;
				GCC_C_LANGUAGE_STANDARD = gnu11;
				GCC_NO_COMMON_BLOCKS = YES;
				GCC_WARN_64_TO_32_BIT_CONVERSION = YES;
				GCC_WARN_ABOUT_RETURN_TYPE = YES_ERROR;
				GCC_WARN_UNDECLARED_SELECTOR = YES;
				GCC_WARN_UNINITIALIZED_AUTOS = YES_AGGRESSIVE;
				GCC_WARN_UNUSED_FUNCTION = YES;
				GCC_WARN_UNUSED_VARIABLE = YES;
				IPHONEOS_DEPLOYMENT_TARGET = 13.6;
				MTL_ENABLE_DEBUG_INFO = NO;
				MTL_FAST_MATH = YES;
				SDKROOT = iphoneos;
				SWIFT_COMPILATION_MODE = wholemodule;
				SWIFT_OPTIMIZATION_LEVEL = "-O";
				VALIDATE_PRODUCT = YES;
			};
			name = Release;
		};
		334E307724F69A91008AA45D /* Debug */ = {
			isa = XCBuildConfiguration;
			buildSettings = {
				ASSETCATALOG_COMPILER_APPICON_NAME = AppIcon;
				CODE_SIGN_STYLE = Automatic;
				DEVELOPMENT_TEAM = NCY5BEZ37J;
				INFOPLIST_FILE = webKitView/Info.plist;
				LD_RUNPATH_SEARCH_PATHS = (
					"$(inherited)",
					"@executable_path/Frameworks",
				);
				PRODUCT_BUNDLE_IDENTIFIER = jp.stepAppSchool.webKitView;
				PRODUCT_NAME = "$(TARGET_NAME)";
				SWIFT_VERSION = 5.0;
				TARGETED_DEVICE_FAMILY = "1,2";
			};
			name = Debug;
		};
		334E307824F69A91008AA45D /* Release */ = {
			isa = XCBuildConfiguration;
			buildSettings = {
				ASSETCATALOG_COMPILER_APPICON_NAME = AppIcon;
				CODE_SIGN_STYLE = Automatic;
				DEVELOPMENT_TEAM = NCY5BEZ37J;
				INFOPLIST_FILE = webKitView/Info.plist;
				LD_RUNPATH_SEARCH_PATHS = (
					"$(inherited)",
					"@executable_path/Frameworks",
				);
				PRODUCT_BUNDLE_IDENTIFIER = jp.stepAppSchool.webKitView;
				PRODUCT_NAME = "$(TARGET_NAME)";
				SWIFT_VERSION = 5.0;
				TARGETED_DEVICE_FAMILY = "1,2";
			};
			name = Release;
		};
/* End XCBuildConfiguration section */

/* Begin XCConfigurationList section */
		334E305D24F69A8C008AA45D /* Build configuration list for PBXProject "webKitView" */ = {
			isa = XCConfigurationList;
			buildConfigurations = (
				334E307424F69A91008AA45D /* Debug */,
				334E307524F69A91008AA45D /* Release */,
			);
			defaultConfigurationIsVisible = 0;
			defaultConfigurationName = Release;
		};
		334E307624F69A91008AA45D /* Build configuration list for PBXNativeTarget "webKitView" */ = {
			isa = XCConfigurationList;
			buildConfigurations = (
				334E307724F69A91008AA45D /* Debug */,
				334E307824F69A91008AA45D /* Release */,
			);
			defaultConfigurationIsVisible = 0;
			defaultConfigurationName = Release;
		};
/* End XCConfigurationList section */
	};
	rootObject = 334E305A24F69A8C008AA45D /* Project object */;
}
